
Microsoft Visual Studio Solution File, Format Version 12.00
# Visual Studio Version 16
VisualStudioVersion = 16.0.29613.14
MinimumVisualStudioVersion = 10.0.40219.1
Project("{FAE04EC0-301F-11D3-BF4B-00C04F79EFBC}") = "NewsPublish.Web", "NewsPublish.Web\NewsPublish.Web.csproj", "{C39ED830-A7A5-462A-97D2-380384805524}"
EndProject
Project("{FAE04EC0-301F-11D3-BF4B-00C04F79EFBC}") = "NewsPublish.Service", "NewsPublish.Service\NewsPublish.Service.csproj", "{D184FEEF-E9F3-42D8-8557-33A8C0BB252C}"
EndProject
Project("{FAE04EC0-301F-11D3-BF4B-00C04F79EFBC}") = "NewsPublish.Model", "NewsPublish.Model\NewsPublish.Model.csproj", "{668069D9-D1B3-4CE6-80F0-1389D714117C}"
EndProject
Global
	GlobalSection(SolutionConfigurationPlatforms) = preSolution
		Debug|Any CPU = Debug|Any CPU
		Release|Any CPU = Release|Any CPU
	EndGlobalSection
	GlobalSection(ProjectConfigurationPlatforms) = postSolution
		{C39ED830-A7A5-462A-97D2-380384805524}.Debug|Any CPU.ActiveCfg = Debug|Any CPU
		{C39ED830-A7A5-462A-97D2-380384805524}.Debug|Any CPU.Build.0 = Debug|Any CPU
		{C39ED830-A7A5-462A-97D2-380384805524}.Release|Any CPU.ActiveCfg = Release|Any CPU
		{C39ED830-A7A5-462A-97D2-380384805524}.Release|Any CPU.Build.0 = Release|Any CPU
		{D184FEEF-E9F3-42D8-8557-33A8C0BB252C}.Debug|Any CPU.ActiveCfg = Debug|Any CPU
		{D184FEEF-E9F3-42D8-8557-33A8C0BB252C}.Debug|Any CPU.Build.0 = Debug|Any CPU
		{D184FEEF-E9F3-42D8-8557-33A8C0BB252C}.Release|Any CPU.ActiveCfg = Release|Any CPU
		{D184FEEF-E9F3-42D8-8557-33A8C0BB252C}.Release|Any CPU.Build.0 = Release|Any CPU
		{668069D9-D1B3-4CE6-80F0-1389D714117C}.Debug|Any CPU.ActiveCfg = Debug|Any CPU
		{668069D9-D1B3-4CE6-80F0-1389D714117C}.Debug|Any CPU.Build.0 = Debug|Any CPU
		{668069D9-D1B3-4CE6-80F0-1389D714117C}.Release|Any CPU.ActiveCfg = Release|Any CPU
		{668069D9-D1B3-4CE6-80F0-1389D714117C}.Release|Any CPU.Build.0 = Release|Any CPU
	EndGlobalSection
	GlobalSection(SolutionProperties) = preSolution
		HideSolutionNode = FALSE
	EndGlobalSection
	GlobalSection(ExtensibilityGlobals) = postSolution
		SolutionGuid = {2B0FBCC9-67CD-47A1-A630-CBA26266F5D3}
	EndGlobalSection
EndGlobal
